
Microsoft Visual Studio Solution File, Format Version 12.00
# Visual Studio 15
Project("{FAE04EC0-301F-11D3-BF4B-00C04F79EFBC}") = "UnityEngine.UI", "UnityEngine.UI.csproj", "{29F2E91A-0C6C-B62E-C23A-AEE5E71A41D1}"
EndProject
Project("{FAE04EC0-301F-11D3-BF4B-00C04F79EFBC}") = "Assembly-CSharp", "Assembly-CSharp.csproj", "{C4862C8E-A12D-8FAB-71BD-C52485C8FE1A}"
EndProject
Project("{FAE04EC0-301F-11D3-BF4B-00C04F79EFBC}") = "Unity.2D.Sprite.Editor", "Unity.2D.Sprite.Editor.csproj", "{93776FA1-069E-A9DA-B5FD-DFCED26F25A4}"
EndProject
Project("{FAE04EC0-301F-11D3-BF4B-00C04F79EFBC}") = "UnityEditor.UI", "UnityEditor.UI.csproj", "{34737039-CE49-B0CC-DE56-933B1E482DDF}"
EndProject
Global
	GlobalSection(SolutionConfigurationPlatforms) = preSolution
		Debug|Any CPU = Debug|Any CPU
		Release|Any CPU = Release|Any CPU
	EndGlobalSection
	GlobalSection(ProjectConfigurationPlatforms) = postSolution
		{29F2E91A-0C6C-B62E-C23A-AEE5E71A41D1}.Debug|Any CPU.ActiveCfg = Debug|Any CPU
		{29F2E91A-0C6C-B62E-C23A-AEE5E71A41D1}.Debug|Any CPU.Build.0 = Debug|Any CPU
		{29F2E91A-0C6C-B62E-C23A-AEE5E71A41D1}.Release|Any CPU.ActiveCfg = Release|Any CPU
		{29F2E91A-0C6C-B62E-C23A-AEE5E71A41D1}.Release|Any CPU.Build.0 = Release|Any CPU
		{C4862C8E-A12D-8FAB-71BD-C52485C8FE1A}.Debug|Any CPU.ActiveCfg = Debug|Any CPU
		{C4862C8E-A12D-8FAB-71BD-C52485C8FE1A}.Debug|Any CPU.Build.0 = Debug|Any CPU
		{C4862C8E-A12D-8FAB-71BD-C52485C8FE1A}.Release|Any CPU.ActiveCfg = Release|Any CPU
		{C4862C8E-A12D-8FAB-71BD-C52485C8FE1A}.Release|Any CPU.Build.0 = Release|Any CPU
		{93776FA1-069E-A9DA-B5FD-DFCED26F25A4}.Debug|Any CPU.ActiveCfg = Debug|Any CPU
		{93776FA1-069E-A9DA-B5FD-DFCED26F25A4}.Debug|Any CPU.Build.0 = Debug|Any CPU
		{93776FA1-069E-A9DA-B5FD-DFCED26F25A4}.Release|Any CPU.ActiveCfg = Release|Any CPU
		{93776FA1-069E-A9DA-B5FD-DFCED26F25A4}.Release|Any CPU.Build.0 = Release|Any CPU
		{34737039-CE49-B0CC-DE56-933B1E482DDF}.Debug|Any CPU.ActiveCfg = Debug|Any CPU
		{34737039-CE49-B0CC-DE56-933B1E482DDF}.Debug|Any CPU.Build.0 = Debug|Any CPU
		{34737039-CE49-B0CC-DE56-933B1E482DDF}.Release|Any CPU.ActiveCfg = Release|Any CPU
		{34737039-CE49-B0CC-DE56-933B1E482DDF}.Release|Any CPU.Build.0 = Release|Any CPU
	EndGlobalSection
	GlobalSection(SolutionProperties) = preSolution
		HideSolutionNode = FALSE
	EndGlobalSection
EndGlobal
